
Microsoft Visual Studio Solution File, Format Version 12.00
# Visual Studio 2013
VisualStudioVersion = 12.0.30501.0
MinimumVisualStudioVersion = 10.0.40219.1
Project("{F2A71F9B-5D33-465A-A702-920D77279786}") = "MatasanoCryptoChallenge", "MatasanoCryptoChallenge\MatasanoCryptoChallenge.fsproj", "{1FF70E93-E6CB-496A-9BF6-94607D250D19}"
EndProject
Project("{F2A71F9B-5D33-465A-A702-920D77279786}") = "Challenges", "Challenges\Challenges.fsproj", "{884CD1E4-E39B-4D04-BA61-31EDE3144EB8}"
EndProject
Project("{2150E333-8FDC-42A3-9474-1A3956D46DE8}") = ".nuget", ".nuget", "{36B87BEF-50FD-4FB1-A3C3-F8CBA8958D1A}"
	ProjectSection(SolutionItems) = preProject
		.nuget\packages.config = .nuget\packages.config
	EndProjectSection
EndProject
Global
	GlobalSection(SolutionConfigurationPlatforms) = preSolution
		Debug|Any CPU = Debug|Any CPU
		Release|Any CPU = Release|Any CPU
	EndGlobalSection
	GlobalSection(ProjectConfigurationPlatforms) = postSolution
		{1FF70E93-E6CB-496A-9BF6-94607D250D19}.Debug|Any CPU.ActiveCfg = Debug|Any CPU
		{1FF70E93-E6CB-496A-9BF6-94607D250D19}.Debug|Any CPU.Build.0 = Debug|Any CPU
		{1FF70E93-E6CB-496A-9BF6-94607D250D19}.Release|Any CPU.ActiveCfg = Release|Any CPU
		{1FF70E93-E6CB-496A-9BF6-94607D250D19}.Release|Any CPU.Build.0 = Release|Any CPU
		{884CD1E4-E39B-4D04-BA61-31EDE3144EB8}.Debug|Any CPU.ActiveCfg = Debug|Any CPU
		{884CD1E4-E39B-4D04-BA61-31EDE3144EB8}.Debug|Any CPU.Build.0 = Debug|Any CPU
		{884CD1E4-E39B-4D04-BA61-31EDE3144EB8}.Release|Any CPU.ActiveCfg = Release|Any CPU
		{884CD1E4-E39B-4D04-BA61-31EDE3144EB8}.Release|Any CPU.Build.0 = Release|Any CPU
	EndGlobalSection
	GlobalSection(SolutionProperties) = preSolution
		HideSolutionNode = FALSE
	EndGlobalSection
EndGlobal
